
Microsoft Visual Studio Solution File, Format Version 12.00
# Visual Studio 15
VisualStudioVersion = 15.0.27428.2037
MinimumVisualStudioVersion = 10.0.40219.1
Project("{FAE04EC0-301F-11D3-BF4B-00C04F79EFBC}") = "HelloWorld.Android", "HelloWorld\HelloWorld.Android\HelloWorld.Android.csproj", "{55F9B12B-C697-4438-BAD6-344391C23C83}"
EndProject
Project("{FAE04EC0-301F-11D3-BF4B-00C04F79EFBC}") = "HelloWorld", "HelloWorld\HelloWorld\HelloWorld.csproj", "{5478CFF2-67EC-4C0A-8422-F53E00867A30}"
EndProject
Global
	GlobalSection(SolutionConfigurationPlatforms) = preSolution
		Debug|Any CPU = Debug|Any CPU
		Release|Any CPU = Release|Any CPU
	EndGlobalSection
	GlobalSection(ProjectConfigurationPlatforms) = postSolution
		{55F9B12B-C697-4438-BAD6-344391C23C83}.Debug|Any CPU.ActiveCfg = Debug|Any CPU
		{55F9B12B-C697-4438-BAD6-344391C23C83}.Debug|Any CPU.Build.0 = Debug|Any CPU
		{55F9B12B-C697-4438-BAD6-344391C23C83}.Debug|Any CPU.Deploy.0 = Debug|Any CPU
		{55F9B12B-C697-4438-BAD6-344391C23C83}.Release|Any CPU.ActiveCfg = Release|Any CPU
		{55F9B12B-C697-4438-BAD6-344391C23C83}.Release|Any CPU.Build.0 = Release|Any CPU
		{55F9B12B-C697-4438-BAD6-344391C23C83}.Release|Any CPU.Deploy.0 = Release|Any CPU
		{5478CFF2-67EC-4C0A-8422-F53E00867A30}.Debug|Any CPU.ActiveCfg = Debug|Any CPU
		{5478CFF2-67EC-4C0A-8422-F53E00867A30}.Debug|Any CPU.Build.0 = Debug|Any CPU
		{5478CFF2-67EC-4C0A-8422-F53E00867A30}.Release|Any CPU.ActiveCfg = Release|Any CPU
		{5478CFF2-67EC-4C0A-8422-F53E00867A30}.Release|Any CPU.Build.0 = Release|Any CPU
	EndGlobalSection
	GlobalSection(SolutionProperties) = preSolution
		HideSolutionNode = FALSE
	EndGlobalSection
	GlobalSection(ExtensibilityGlobals) = postSolution
		SolutionGuid = {E7208F91-F081-4AF0-A9E1-8B41BAD4CD4C}
	EndGlobalSection
EndGlobal
